
Microsoft Visual Studio Solution File, Format Version 12.00
# Visual Studio 15
VisualStudioVersion = 15.0.28307.572
MinimumVisualStudioVersion = 10.0.40219.1
Project("{FAE04EC0-301F-11D3-BF4B-00C04F79EFBC}") = "Classwork20200429_Registration", "Classwork20200429_Registration.csproj", "{5E319227-BAD6-4BFC-AF56-9967CE76D738}"
EndProject
Global
	GlobalSection(SolutionConfigurationPlatforms) = preSolution
		Debug|Any CPU = Debug|Any CPU
		Release|Any CPU = Release|Any CPU
	EndGlobalSection
	GlobalSection(ProjectConfigurationPlatforms) = postSolution
		{5E319227-BAD6-4BFC-AF56-9967CE76D738}.Debug|Any CPU.ActiveCfg = Debug|Any CPU
		{5E319227-BAD6-4BFC-AF56-9967CE76D738}.Debug|Any CPU.Build.0 = Debug|Any CPU
		{5E319227-BAD6-4BFC-AF56-9967CE76D738}.Release|Any CPU.ActiveCfg = Release|Any CPU
		{5E319227-BAD6-4BFC-AF56-9967CE76D738}.Release|Any CPU.Build.0 = Release|Any CPU
	EndGlobalSection
	GlobalSection(SolutionProperties) = preSolution
		HideSolutionNode = FALSE
	EndGlobalSection
	GlobalSection(ExtensibilityGlobals) = postSolution
		SolutionGuid = {D8600587-F63C-4FEB-8DC8-9EA99B04E353}
	EndGlobalSection
EndGlobal
