
Microsoft Visual Studio Solution File, Format Version 12.00
# Visual Studio 15
VisualStudioVersion = 15.0.28307.572
MinimumVisualStudioVersion = 10.0.40219.1
Project("{FAE04EC0-301F-11D3-BF4B-00C04F79EFBC}") = "Classwork20200408_Event_Planning", "Classwork20200408_Event_Planning.csproj", "{00E525BA-0E19-4AA1-B9E5-30E52FBC7BCB}"
EndProject
Global
	GlobalSection(SolutionConfigurationPlatforms) = preSolution
		Debug|Any CPU = Debug|Any CPU
		Release|Any CPU = Release|Any CPU
	EndGlobalSection
	GlobalSection(ProjectConfigurationPlatforms) = postSolution
		{00E525BA-0E19-4AA1-B9E5-30E52FBC7BCB}.Debug|Any CPU.ActiveCfg = Debug|Any CPU
		{00E525BA-0E19-4AA1-B9E5-30E52FBC7BCB}.Debug|Any CPU.Build.0 = Debug|Any CPU
		{00E525BA-0E19-4AA1-B9E5-30E52FBC7BCB}.Release|Any CPU.ActiveCfg = Release|Any CPU
		{00E525BA-0E19-4AA1-B9E5-30E52FBC7BCB}.Release|Any CPU.Build.0 = Release|Any CPU
	EndGlobalSection
	GlobalSection(SolutionProperties) = preSolution
		HideSolutionNode = FALSE
	EndGlobalSection
	GlobalSection(ExtensibilityGlobals) = postSolution
		SolutionGuid = {A0696C55-2766-45C8-AEA7-54A04871EA49}
	EndGlobalSection
EndGlobal
