
Microsoft Visual Studio Solution File, Format Version 12.00
# Visual Studio 15
VisualStudioVersion = 15.0.28307.572
MinimumVisualStudioVersion = 10.0.40219.1
Project("{FAE04EC0-301F-11D3-BF4B-00C04F79EFBC}") = "Classwork20200504_Telephone_Directory", "Classwork20200504_Telephone_Directory.csproj", "{537466CD-BBB6-4B1D-B77D-BA1BD6BBC8A4}"
EndProject
Global
	GlobalSection(SolutionConfigurationPlatforms) = preSolution
		Debug|Any CPU = Debug|Any CPU
		Release|Any CPU = Release|Any CPU
	EndGlobalSection
	GlobalSection(ProjectConfigurationPlatforms) = postSolution
		{537466CD-BBB6-4B1D-B77D-BA1BD6BBC8A4}.Debug|Any CPU.ActiveCfg = Debug|Any CPU
		{537466CD-BBB6-4B1D-B77D-BA1BD6BBC8A4}.Debug|Any CPU.Build.0 = Debug|Any CPU
		{537466CD-BBB6-4B1D-B77D-BA1BD6BBC8A4}.Release|Any CPU.ActiveCfg = Release|Any CPU
		{537466CD-BBB6-4B1D-B77D-BA1BD6BBC8A4}.Release|Any CPU.Build.0 = Release|Any CPU
	EndGlobalSection
	GlobalSection(SolutionProperties) = preSolution
		HideSolutionNode = FALSE
	EndGlobalSection
	GlobalSection(ExtensibilityGlobals) = postSolution
		SolutionGuid = {BF3FB301-5D85-49E5-BF00-C5020137DDEF}
	EndGlobalSection
EndGlobal
